
Microsoft Visual Studio Solution File, Format Version 12.00
# Visual Studio Version 16
VisualStudioVersion = 16.0.31005.135
MinimumVisualStudioVersion = 10.0.40219.1
Project("{FAE04EC0-301F-11D3-BF4B-00C04F79EFBC}") = "IRCCl", "IRCCl.csproj", "{7B3BBFF8-3673-415E-8194-EAE01962572F}"
EndProject
Global
	GlobalSection(SolutionConfigurationPlatforms) = preSolution
		Debug|Any CPU = Debug|Any CPU
		Release|Any CPU = Release|Any CPU
	EndGlobalSection
	GlobalSection(ProjectConfigurationPlatforms) = postSolution
		{7B3BBFF8-3673-415E-8194-EAE01962572F}.Debug|Any CPU.ActiveCfg = Debug|Any CPU
		{7B3BBFF8-3673-415E-8194-EAE01962572F}.Debug|Any CPU.Build.0 = Debug|Any CPU
		{7B3BBFF8-3673-415E-8194-EAE01962572F}.Release|Any CPU.ActiveCfg = Release|Any CPU
		{7B3BBFF8-3673-415E-8194-EAE01962572F}.Release|Any CPU.Build.0 = Release|Any CPU
	EndGlobalSection
	GlobalSection(SolutionProperties) = preSolution
		HideSolutionNode = FALSE
	EndGlobalSection
	GlobalSection(ExtensibilityGlobals) = postSolution
		SolutionGuid = {D7BD851D-5413-42EF-B07A-1E3CA363A9BA}
	EndGlobalSection
EndGlobal
